{
  "name": "aviportfolio.github.io",
  "version": "0.0.0",
  "lockfileVersion": 3,
  "requires": true,
  "packages": {
    "": {
      "name": "aviportfolio.github.io",
      "version": "0.0.0",
      "license": "MIT",
      "dependencies": {
        "framer-motion": "^12.0.0",
        "react": "^19.0.0",
        "react-dom": "^19.0.0",
        "react-icons": "^5.5.0",
        "react-type-animation": "^3.2.0"
      },
      "devDependencies": {
        "@vitejs/plugin-react": "^4.3.4",
        "vite": "^7.0.0"
      }
    }
  }
}
